
Microsoft Visual Studio Solution File, Format Version 12.00
# Visual Studio Version 17
VisualStudioVersion = 17.5.33424.131
MinimumVisualStudioVersion = 10.0.40219.1
Project("{FAE04EC0-301F-11D3-BF4B-00C04F79EFBC}") = "MVC.Presentation", "MVC.Presentation\MVC.Presentation.csproj", "{A1D23589-B2EE-4C1D-878A-0238E8E03429}"
EndProject
Project("{FAE04EC0-301F-11D3-BF4B-00C04F79EFBC}") = "MVC.Domain", "MVC.Domain\MVC.Domain.csproj", "{950A0D4D-7962-4827-93B4-0E3D36219CD9}"
EndProject
Project("{FAE04EC0-301F-11D3-BF4B-00C04F79EFBC}") = "MVC.Application", "MVC.Application\MVC.Application.csproj", "{346EBDAE-C852-4427-A3AF-35061E7A4E38}"
EndProject
Project("{FAE04EC0-301F-11D3-BF4B-00C04F79EFBC}") = "MVC.DataAccess", "MVC.DataAccess\MVC.DataAccess.csproj", "{3A149CD9-BC1C-4F51-AC79-A10BEA685420}"
EndProject
Global
	GlobalSection(SolutionConfigurationPlatforms) = preSolution
		Debug|Any CPU = Debug|Any CPU
		Release|Any CPU = Release|Any CPU
	EndGlobalSection
	GlobalSection(ProjectConfigurationPlatforms) = postSolution
		{A1D23589-B2EE-4C1D-878A-0238E8E03429}.Debug|Any CPU.ActiveCfg = Debug|Any CPU
		{A1D23589-B2EE-4C1D-878A-0238E8E03429}.Debug|Any CPU.Build.0 = Debug|Any CPU
		{A1D23589-B2EE-4C1D-878A-0238E8E03429}.Release|Any CPU.ActiveCfg = Release|Any CPU
		{A1D23589-B2EE-4C1D-878A-0238E8E03429}.Release|Any CPU.Build.0 = Release|Any CPU
		{950A0D4D-7962-4827-93B4-0E3D36219CD9}.Debug|Any CPU.ActiveCfg = Debug|Any CPU
		{950A0D4D-7962-4827-93B4-0E3D36219CD9}.Debug|Any CPU.Build.0 = Debug|Any CPU
		{950A0D4D-7962-4827-93B4-0E3D36219CD9}.Release|Any CPU.ActiveCfg = Release|Any CPU
		{950A0D4D-7962-4827-93B4-0E3D36219CD9}.Release|Any CPU.Build.0 = Release|Any CPU
		{346EBDAE-C852-4427-A3AF-35061E7A4E38}.Debug|Any CPU.ActiveCfg = Debug|Any CPU
		{346EBDAE-C852-4427-A3AF-35061E7A4E38}.Debug|Any CPU.Build.0 = Debug|Any CPU
		{346EBDAE-C852-4427-A3AF-35061E7A4E38}.Release|Any CPU.ActiveCfg = Release|Any CPU
		{346EBDAE-C852-4427-A3AF-35061E7A4E38}.Release|Any CPU.Build.0 = Release|Any CPU
		{3A149CD9-BC1C-4F51-AC79-A10BEA685420}.Debug|Any CPU.ActiveCfg = Debug|Any CPU
		{3A149CD9-BC1C-4F51-AC79-A10BEA685420}.Debug|Any CPU.Build.0 = Debug|Any CPU
		{3A149CD9-BC1C-4F51-AC79-A10BEA685420}.Release|Any CPU.ActiveCfg = Release|Any CPU
		{3A149CD9-BC1C-4F51-AC79-A10BEA685420}.Release|Any CPU.Build.0 = Release|Any CPU
	EndGlobalSection
	GlobalSection(SolutionProperties) = preSolution
		HideSolutionNode = FALSE
	EndGlobalSection
	GlobalSection(ExtensibilityGlobals) = postSolution
		SolutionGuid = {20BAA85F-D598-4751-B0B0-7C0B2403703E}
	EndGlobalSection
EndGlobal
